
Microsoft Visual Studio Solution File, Format Version 12.00
# Visual Studio Version 16
VisualStudioVersion = 16.0.31112.23
MinimumVisualStudioVersion = 10.0.40219.1
Project("{FAE04EC0-301F-11D3-BF4B-00C04F79EFBC}") = "detyra3", "detyra3\detyra3.csproj", "{A73DC0F3-AD20-4DE8-B18C-20E8CA0DC0C4}"
EndProject
Global
	GlobalSection(SolutionConfigurationPlatforms) = preSolution
		Debug|Any CPU = Debug|Any CPU
		Release|Any CPU = Release|Any CPU
	EndGlobalSection
	GlobalSection(ProjectConfigurationPlatforms) = postSolution
		{A73DC0F3-AD20-4DE8-B18C-20E8CA0DC0C4}.Debug|Any CPU.ActiveCfg = Debug|Any CPU
		{A73DC0F3-AD20-4DE8-B18C-20E8CA0DC0C4}.Debug|Any CPU.Build.0 = Debug|Any CPU
		{A73DC0F3-AD20-4DE8-B18C-20E8CA0DC0C4}.Release|Any CPU.ActiveCfg = Release|Any CPU
		{A73DC0F3-AD20-4DE8-B18C-20E8CA0DC0C4}.Release|Any CPU.Build.0 = Release|Any CPU
	EndGlobalSection
	GlobalSection(SolutionProperties) = preSolution
		HideSolutionNode = FALSE
	EndGlobalSection
	GlobalSection(ExtensibilityGlobals) = postSolution
		SolutionGuid = {EA996735-1F4C-489D-8B45-43F087790816}
	EndGlobalSection
EndGlobal
