
Microsoft Visual Studio Solution File, Format Version 12.00
# Visual Studio Version 16
VisualStudioVersion = 16.0.31112.23
MinimumVisualStudioVersion = 10.0.40219.1
Project("{FAE04EC0-301F-11D3-BF4B-00C04F79EFBC}") = "detyra1", "detyra1\detyra1.csproj", "{F182D908-A3BC-4A99-A0E9-284779E66709}"
EndProject
Global
	GlobalSection(SolutionConfigurationPlatforms) = preSolution
		Debug|Any CPU = Debug|Any CPU
		Release|Any CPU = Release|Any CPU
	EndGlobalSection
	GlobalSection(ProjectConfigurationPlatforms) = postSolution
		{F182D908-A3BC-4A99-A0E9-284779E66709}.Debug|Any CPU.ActiveCfg = Debug|Any CPU
		{F182D908-A3BC-4A99-A0E9-284779E66709}.Debug|Any CPU.Build.0 = Debug|Any CPU
		{F182D908-A3BC-4A99-A0E9-284779E66709}.Release|Any CPU.ActiveCfg = Release|Any CPU
		{F182D908-A3BC-4A99-A0E9-284779E66709}.Release|Any CPU.Build.0 = Release|Any CPU
	EndGlobalSection
	GlobalSection(SolutionProperties) = preSolution
		HideSolutionNode = FALSE
	EndGlobalSection
	GlobalSection(ExtensibilityGlobals) = postSolution
		SolutionGuid = {234D29B3-00A7-4756-975B-32A7772A7125}
	EndGlobalSection
EndGlobal
