
Microsoft Visual Studio Solution File, Format Version 12.00
# Visual Studio Version 16
VisualStudioVersion = 16.0.31019.35
MinimumVisualStudioVersion = 10.0.40219.1
Project("{FAE04EC0-301F-11D3-BF4B-00C04F79EFBC}") = "detyra4", "detyra4\detyra4.csproj", "{BC5B3B53-82AB-4004-8D54-21C2126092FF}"
EndProject
Global
	GlobalSection(SolutionConfigurationPlatforms) = preSolution
		Debug|Any CPU = Debug|Any CPU
		Release|Any CPU = Release|Any CPU
	EndGlobalSection
	GlobalSection(ProjectConfigurationPlatforms) = postSolution
		{BC5B3B53-82AB-4004-8D54-21C2126092FF}.Debug|Any CPU.ActiveCfg = Debug|Any CPU
		{BC5B3B53-82AB-4004-8D54-21C2126092FF}.Debug|Any CPU.Build.0 = Debug|Any CPU
		{BC5B3B53-82AB-4004-8D54-21C2126092FF}.Release|Any CPU.ActiveCfg = Release|Any CPU
		{BC5B3B53-82AB-4004-8D54-21C2126092FF}.Release|Any CPU.Build.0 = Release|Any CPU
	EndGlobalSection
	GlobalSection(SolutionProperties) = preSolution
		HideSolutionNode = FALSE
	EndGlobalSection
	GlobalSection(ExtensibilityGlobals) = postSolution
		SolutionGuid = {27F07C54-21EA-4299-8640-6C1EF7AE558B}
	EndGlobalSection
EndGlobal
