
Microsoft Visual Studio Solution File, Format Version 12.00
# Visual Studio Version 16
VisualStudioVersion = 16.0.31112.23
MinimumVisualStudioVersion = 10.0.40219.1
Project("{FAE04EC0-301F-11D3-BF4B-00C04F79EFBC}") = "detyra18", "detyra18\detyra18.csproj", "{ED39B675-E69A-40E1-996E-77976F6AB376}"
EndProject
Global
	GlobalSection(SolutionConfigurationPlatforms) = preSolution
		Debug|Any CPU = Debug|Any CPU
		Release|Any CPU = Release|Any CPU
	EndGlobalSection
	GlobalSection(ProjectConfigurationPlatforms) = postSolution
		{ED39B675-E69A-40E1-996E-77976F6AB376}.Debug|Any CPU.ActiveCfg = Debug|Any CPU
		{ED39B675-E69A-40E1-996E-77976F6AB376}.Debug|Any CPU.Build.0 = Debug|Any CPU
		{ED39B675-E69A-40E1-996E-77976F6AB376}.Release|Any CPU.ActiveCfg = Release|Any CPU
		{ED39B675-E69A-40E1-996E-77976F6AB376}.Release|Any CPU.Build.0 = Release|Any CPU
	EndGlobalSection
	GlobalSection(SolutionProperties) = preSolution
		HideSolutionNode = FALSE
	EndGlobalSection
	GlobalSection(ExtensibilityGlobals) = postSolution
		SolutionGuid = {57398EC0-5EA5-465A-9B8D-ADD14909C996}
	EndGlobalSection
EndGlobal
