
Microsoft Visual Studio Solution File, Format Version 12.00
# Visual Studio Version 16
VisualStudioVersion = 16.0.31112.23
MinimumVisualStudioVersion = 10.0.40219.1
Project("{FAE04EC0-301F-11D3-BF4B-00C04F79EFBC}") = "detyra6", "detyra6\detyra6.csproj", "{6F6E2FDF-BC41-4524-A64E-2AF54720FC36}"
EndProject
Global
	GlobalSection(SolutionConfigurationPlatforms) = preSolution
		Debug|Any CPU = Debug|Any CPU
		Release|Any CPU = Release|Any CPU
	EndGlobalSection
	GlobalSection(ProjectConfigurationPlatforms) = postSolution
		{6F6E2FDF-BC41-4524-A64E-2AF54720FC36}.Debug|Any CPU.ActiveCfg = Debug|Any CPU
		{6F6E2FDF-BC41-4524-A64E-2AF54720FC36}.Debug|Any CPU.Build.0 = Debug|Any CPU
		{6F6E2FDF-BC41-4524-A64E-2AF54720FC36}.Release|Any CPU.ActiveCfg = Release|Any CPU
		{6F6E2FDF-BC41-4524-A64E-2AF54720FC36}.Release|Any CPU.Build.0 = Release|Any CPU
	EndGlobalSection
	GlobalSection(SolutionProperties) = preSolution
		HideSolutionNode = FALSE
	EndGlobalSection
	GlobalSection(ExtensibilityGlobals) = postSolution
		SolutionGuid = {499CF52F-1952-4475-91C2-8368DDAE56E1}
	EndGlobalSection
EndGlobal
