
Microsoft Visual Studio Solution File, Format Version 12.00
# Visual Studio Version 16
VisualStudioVersion = 16.0.31112.23
MinimumVisualStudioVersion = 10.0.40219.1
Project("{FAE04EC0-301F-11D3-BF4B-00C04F79EFBC}") = "detyra12", "detyra12\detyra12.csproj", "{ADC4A275-6D8B-4CAA-9B2C-EA7ABFDF43CF}"
EndProject
Global
	GlobalSection(SolutionConfigurationPlatforms) = preSolution
		Debug|Any CPU = Debug|Any CPU
		Release|Any CPU = Release|Any CPU
	EndGlobalSection
	GlobalSection(ProjectConfigurationPlatforms) = postSolution
		{ADC4A275-6D8B-4CAA-9B2C-EA7ABFDF43CF}.Debug|Any CPU.ActiveCfg = Debug|Any CPU
		{ADC4A275-6D8B-4CAA-9B2C-EA7ABFDF43CF}.Debug|Any CPU.Build.0 = Debug|Any CPU
		{ADC4A275-6D8B-4CAA-9B2C-EA7ABFDF43CF}.Release|Any CPU.ActiveCfg = Release|Any CPU
		{ADC4A275-6D8B-4CAA-9B2C-EA7ABFDF43CF}.Release|Any CPU.Build.0 = Release|Any CPU
	EndGlobalSection
	GlobalSection(SolutionProperties) = preSolution
		HideSolutionNode = FALSE
	EndGlobalSection
	GlobalSection(ExtensibilityGlobals) = postSolution
		SolutionGuid = {9D059505-FBD8-4609-9958-6CCF62E34324}
	EndGlobalSection
EndGlobal
