
Microsoft Visual Studio Solution File, Format Version 12.00
# Visual Studio Version 16
VisualStudioVersion = 16.0.31112.23
MinimumVisualStudioVersion = 10.0.40219.1
Project("{FAE04EC0-301F-11D3-BF4B-00C04F79EFBC}") = "detyra10", "detyra10\detyra10.csproj", "{0B9A7CE6-9AA4-450F-A1A0-76C337B98998}"
EndProject
Global
	GlobalSection(SolutionConfigurationPlatforms) = preSolution
		Debug|Any CPU = Debug|Any CPU
		Release|Any CPU = Release|Any CPU
	EndGlobalSection
	GlobalSection(ProjectConfigurationPlatforms) = postSolution
		{0B9A7CE6-9AA4-450F-A1A0-76C337B98998}.Debug|Any CPU.ActiveCfg = Debug|Any CPU
		{0B9A7CE6-9AA4-450F-A1A0-76C337B98998}.Debug|Any CPU.Build.0 = Debug|Any CPU
		{0B9A7CE6-9AA4-450F-A1A0-76C337B98998}.Release|Any CPU.ActiveCfg = Release|Any CPU
		{0B9A7CE6-9AA4-450F-A1A0-76C337B98998}.Release|Any CPU.Build.0 = Release|Any CPU
	EndGlobalSection
	GlobalSection(SolutionProperties) = preSolution
		HideSolutionNode = FALSE
	EndGlobalSection
	GlobalSection(ExtensibilityGlobals) = postSolution
		SolutionGuid = {6BECF3D3-FD5E-497E-B9B1-4A83D678C578}
	EndGlobalSection
EndGlobal
