
Microsoft Visual Studio Solution File, Format Version 12.00
# Visual Studio Version 16
VisualStudioVersion = 16.0.31112.23
MinimumVisualStudioVersion = 10.0.40219.1
Project("{FAE04EC0-301F-11D3-BF4B-00C04F79EFBC}") = "detyra1", "detyra1\detyra1.csproj", "{6DDD7232-6231-4540-A180-6A0AC4C1329D}"
EndProject
Global
	GlobalSection(SolutionConfigurationPlatforms) = preSolution
		Debug|Any CPU = Debug|Any CPU
		Release|Any CPU = Release|Any CPU
	EndGlobalSection
	GlobalSection(ProjectConfigurationPlatforms) = postSolution
		{6DDD7232-6231-4540-A180-6A0AC4C1329D}.Debug|Any CPU.ActiveCfg = Debug|Any CPU
		{6DDD7232-6231-4540-A180-6A0AC4C1329D}.Debug|Any CPU.Build.0 = Debug|Any CPU
		{6DDD7232-6231-4540-A180-6A0AC4C1329D}.Release|Any CPU.ActiveCfg = Release|Any CPU
		{6DDD7232-6231-4540-A180-6A0AC4C1329D}.Release|Any CPU.Build.0 = Release|Any CPU
	EndGlobalSection
	GlobalSection(SolutionProperties) = preSolution
		HideSolutionNode = FALSE
	EndGlobalSection
	GlobalSection(ExtensibilityGlobals) = postSolution
		SolutionGuid = {1BCCA7A3-CFE6-4787-AEFE-631A8F608241}
	EndGlobalSection
EndGlobal
