
Microsoft Visual Studio Solution File, Format Version 12.00
# Visual Studio Version 16
VisualStudioVersion = 16.0.31019.35
MinimumVisualStudioVersion = 10.0.40219.1
Project("{FAE04EC0-301F-11D3-BF4B-00C04F79EFBC}") = "detyra11", "detyra11\detyra11.csproj", "{9BDF27A4-7C36-4383-A774-5CC1927E9524}"
EndProject
Global
	GlobalSection(SolutionConfigurationPlatforms) = preSolution
		Debug|Any CPU = Debug|Any CPU
		Release|Any CPU = Release|Any CPU
	EndGlobalSection
	GlobalSection(ProjectConfigurationPlatforms) = postSolution
		{9BDF27A4-7C36-4383-A774-5CC1927E9524}.Debug|Any CPU.ActiveCfg = Debug|Any CPU
		{9BDF27A4-7C36-4383-A774-5CC1927E9524}.Debug|Any CPU.Build.0 = Debug|Any CPU
		{9BDF27A4-7C36-4383-A774-5CC1927E9524}.Release|Any CPU.ActiveCfg = Release|Any CPU
		{9BDF27A4-7C36-4383-A774-5CC1927E9524}.Release|Any CPU.Build.0 = Release|Any CPU
	EndGlobalSection
	GlobalSection(SolutionProperties) = preSolution
		HideSolutionNode = FALSE
	EndGlobalSection
	GlobalSection(ExtensibilityGlobals) = postSolution
		SolutionGuid = {915053CB-A50D-400E-86A2-0EF5A4D06DD5}
	EndGlobalSection
EndGlobal
