
Microsoft Visual Studio Solution File, Format Version 12.00
# Visual Studio Version 16
VisualStudioVersion = 16.0.31019.35
MinimumVisualStudioVersion = 10.0.40219.1
Project("{FAE04EC0-301F-11D3-BF4B-00C04F79EFBC}") = "detyra3", "detyra3\detyra3.csproj", "{2452E50F-CCFE-4656-9FDD-63ADC423182E}"
EndProject
Global
	GlobalSection(SolutionConfigurationPlatforms) = preSolution
		Debug|Any CPU = Debug|Any CPU
		Release|Any CPU = Release|Any CPU
	EndGlobalSection
	GlobalSection(ProjectConfigurationPlatforms) = postSolution
		{2452E50F-CCFE-4656-9FDD-63ADC423182E}.Debug|Any CPU.ActiveCfg = Debug|Any CPU
		{2452E50F-CCFE-4656-9FDD-63ADC423182E}.Debug|Any CPU.Build.0 = Debug|Any CPU
		{2452E50F-CCFE-4656-9FDD-63ADC423182E}.Release|Any CPU.ActiveCfg = Release|Any CPU
		{2452E50F-CCFE-4656-9FDD-63ADC423182E}.Release|Any CPU.Build.0 = Release|Any CPU
	EndGlobalSection
	GlobalSection(SolutionProperties) = preSolution
		HideSolutionNode = FALSE
	EndGlobalSection
	GlobalSection(ExtensibilityGlobals) = postSolution
		SolutionGuid = {F2995837-B39F-4A06-8E69-5418BC5ED61A}
	EndGlobalSection
EndGlobal
