
Microsoft Visual Studio Solution File, Format Version 12.00
# Visual Studio Version 16
VisualStudioVersion = 16.0.31112.23
MinimumVisualStudioVersion = 10.0.40219.1
Project("{FAE04EC0-301F-11D3-BF4B-00C04F79EFBC}") = "detyra9", "detyra9\detyra9.csproj", "{9310DD0C-4F84-40A5-A70B-BD4991EE4B39}"
EndProject
Global
	GlobalSection(SolutionConfigurationPlatforms) = preSolution
		Debug|Any CPU = Debug|Any CPU
		Release|Any CPU = Release|Any CPU
	EndGlobalSection
	GlobalSection(ProjectConfigurationPlatforms) = postSolution
		{9310DD0C-4F84-40A5-A70B-BD4991EE4B39}.Debug|Any CPU.ActiveCfg = Debug|Any CPU
		{9310DD0C-4F84-40A5-A70B-BD4991EE4B39}.Debug|Any CPU.Build.0 = Debug|Any CPU
		{9310DD0C-4F84-40A5-A70B-BD4991EE4B39}.Release|Any CPU.ActiveCfg = Release|Any CPU
		{9310DD0C-4F84-40A5-A70B-BD4991EE4B39}.Release|Any CPU.Build.0 = Release|Any CPU
	EndGlobalSection
	GlobalSection(SolutionProperties) = preSolution
		HideSolutionNode = FALSE
	EndGlobalSection
	GlobalSection(ExtensibilityGlobals) = postSolution
		SolutionGuid = {4730CD27-AA4B-4DA5-AA62-BFE597903CA4}
	EndGlobalSection
EndGlobal
