
Microsoft Visual Studio Solution File, Format Version 12.00
# Visual Studio Version 16
VisualStudioVersion = 16.0.31019.35
MinimumVisualStudioVersion = 10.0.40219.1
Project("{FAE04EC0-301F-11D3-BF4B-00C04F79EFBC}") = "detyra9", "detyra9\detyra9.csproj", "{2206C739-A7FC-4B33-9480-F9A248A83D3A}"
EndProject
Global
	GlobalSection(SolutionConfigurationPlatforms) = preSolution
		Debug|Any CPU = Debug|Any CPU
		Release|Any CPU = Release|Any CPU
	EndGlobalSection
	GlobalSection(ProjectConfigurationPlatforms) = postSolution
		{2206C739-A7FC-4B33-9480-F9A248A83D3A}.Debug|Any CPU.ActiveCfg = Debug|Any CPU
		{2206C739-A7FC-4B33-9480-F9A248A83D3A}.Debug|Any CPU.Build.0 = Debug|Any CPU
		{2206C739-A7FC-4B33-9480-F9A248A83D3A}.Release|Any CPU.ActiveCfg = Release|Any CPU
		{2206C739-A7FC-4B33-9480-F9A248A83D3A}.Release|Any CPU.Build.0 = Release|Any CPU
	EndGlobalSection
	GlobalSection(SolutionProperties) = preSolution
		HideSolutionNode = FALSE
	EndGlobalSection
	GlobalSection(ExtensibilityGlobals) = postSolution
		SolutionGuid = {F52BFBB2-3E4F-4121-B503-1C8DC1CFDA2D}
	EndGlobalSection
EndGlobal
