
Microsoft Visual Studio Solution File, Format Version 12.00
# Visual Studio Version 16
VisualStudioVersion = 16.0.31112.23
MinimumVisualStudioVersion = 10.0.40219.1
Project("{FAE04EC0-301F-11D3-BF4B-00C04F79EFBC}") = "detyra1", "detyra1\detyra1.csproj", "{F3AE1F9E-854F-4EEE-8313-57E70524266A}"
EndProject
Global
	GlobalSection(SolutionConfigurationPlatforms) = preSolution
		Debug|Any CPU = Debug|Any CPU
		Release|Any CPU = Release|Any CPU
	EndGlobalSection
	GlobalSection(ProjectConfigurationPlatforms) = postSolution
		{F3AE1F9E-854F-4EEE-8313-57E70524266A}.Debug|Any CPU.ActiveCfg = Debug|Any CPU
		{F3AE1F9E-854F-4EEE-8313-57E70524266A}.Debug|Any CPU.Build.0 = Debug|Any CPU
		{F3AE1F9E-854F-4EEE-8313-57E70524266A}.Release|Any CPU.ActiveCfg = Release|Any CPU
		{F3AE1F9E-854F-4EEE-8313-57E70524266A}.Release|Any CPU.Build.0 = Release|Any CPU
	EndGlobalSection
	GlobalSection(SolutionProperties) = preSolution
		HideSolutionNode = FALSE
	EndGlobalSection
	GlobalSection(ExtensibilityGlobals) = postSolution
		SolutionGuid = {995A6B8A-E79B-49A0-923C-9F6AABE51F82}
	EndGlobalSection
EndGlobal
