
Microsoft Visual Studio Solution File, Format Version 12.00
# Visual Studio Version 16
VisualStudioVersion = 16.0.31112.23
MinimumVisualStudioVersion = 10.0.40219.1
Project("{FAE04EC0-301F-11D3-BF4B-00C04F79EFBC}") = "detyra10", "detyra10\detyra10.csproj", "{A72C01AB-55DD-488F-B898-A4B42956094C}"
EndProject
Global
	GlobalSection(SolutionConfigurationPlatforms) = preSolution
		Debug|Any CPU = Debug|Any CPU
		Release|Any CPU = Release|Any CPU
	EndGlobalSection
	GlobalSection(ProjectConfigurationPlatforms) = postSolution
		{A72C01AB-55DD-488F-B898-A4B42956094C}.Debug|Any CPU.ActiveCfg = Debug|Any CPU
		{A72C01AB-55DD-488F-B898-A4B42956094C}.Debug|Any CPU.Build.0 = Debug|Any CPU
		{A72C01AB-55DD-488F-B898-A4B42956094C}.Release|Any CPU.ActiveCfg = Release|Any CPU
		{A72C01AB-55DD-488F-B898-A4B42956094C}.Release|Any CPU.Build.0 = Release|Any CPU
	EndGlobalSection
	GlobalSection(SolutionProperties) = preSolution
		HideSolutionNode = FALSE
	EndGlobalSection
	GlobalSection(ExtensibilityGlobals) = postSolution
		SolutionGuid = {26919629-9282-4DE5-A5EB-048F80FFBB05}
	EndGlobalSection
EndGlobal
