
Microsoft Visual Studio Solution File, Format Version 12.00
# Visual Studio Version 16
VisualStudioVersion = 16.0.31112.23
MinimumVisualStudioVersion = 10.0.40219.1
Project("{FAE04EC0-301F-11D3-BF4B-00C04F79EFBC}") = "detyra13", "detyra13\detyra13.csproj", "{6A304EDA-E480-48AE-A71E-5CE4B07CA05D}"
EndProject
Global
	GlobalSection(SolutionConfigurationPlatforms) = preSolution
		Debug|Any CPU = Debug|Any CPU
		Release|Any CPU = Release|Any CPU
	EndGlobalSection
	GlobalSection(ProjectConfigurationPlatforms) = postSolution
		{6A304EDA-E480-48AE-A71E-5CE4B07CA05D}.Debug|Any CPU.ActiveCfg = Debug|Any CPU
		{6A304EDA-E480-48AE-A71E-5CE4B07CA05D}.Debug|Any CPU.Build.0 = Debug|Any CPU
		{6A304EDA-E480-48AE-A71E-5CE4B07CA05D}.Release|Any CPU.ActiveCfg = Release|Any CPU
		{6A304EDA-E480-48AE-A71E-5CE4B07CA05D}.Release|Any CPU.Build.0 = Release|Any CPU
	EndGlobalSection
	GlobalSection(SolutionProperties) = preSolution
		HideSolutionNode = FALSE
	EndGlobalSection
	GlobalSection(ExtensibilityGlobals) = postSolution
		SolutionGuid = {1B328FD1-8D15-4281-B050-5A401DD3549D}
	EndGlobalSection
EndGlobal
